
Microsoft Visual Studio Solution File, Format Version 11.00
# Visual Studio 2010
Project("{FAE04EC0-301F-11D3-BF4B-00C04F79EFBC}") = "TTG", "TTG\TTG\TTG.csproj", "{8D17F6D9-0992-4C4E-97AD-ED838C3ABF8C}"
EndProject
Project("{FAE04EC0-301F-11D3-BF4B-00C04F79EFBC}") = "TTGContent", "TTG\TTGContent\TTGContent.contentproj", "{CA8F6B57-409B-4237-952E-88A79397EA3F}"
EndProject
Project("{FAE04EC0-301F-11D3-BF4B-00C04F79EFBC}") = "Windows Phone Copy of TTG", "TTG\TTG\Windows Phone Copy of TTG.csproj", "{661690F1-2652-40FA-A25F-46C84FD2562F}"
EndProject
Global
	GlobalSection(SolutionConfigurationPlatforms) = preSolution
		Debug|Mixed Platforms = Debug|Mixed Platforms
		Debug|Windows Phone = Debug|Windows Phone
		Debug|x86 = Debug|x86
		Release|Mixed Platforms = Release|Mixed Platforms
		Release|Windows Phone = Release|Windows Phone
		Release|x86 = Release|x86
	EndGlobalSection
	GlobalSection(ProjectConfigurationPlatforms) = postSolution
		{8D17F6D9-0992-4C4E-97AD-ED838C3ABF8C}.Debug|Mixed Platforms.ActiveCfg = Debug|x86
		{8D17F6D9-0992-4C4E-97AD-ED838C3ABF8C}.Debug|Mixed Platforms.Build.0 = Debug|x86
		{8D17F6D9-0992-4C4E-97AD-ED838C3ABF8C}.Debug|Windows Phone.ActiveCfg = Debug|x86
		{8D17F6D9-0992-4C4E-97AD-ED838C3ABF8C}.Debug|Windows Phone.Build.0 = Debug|x86
		{8D17F6D9-0992-4C4E-97AD-ED838C3ABF8C}.Debug|x86.ActiveCfg = Debug|x86
		{8D17F6D9-0992-4C4E-97AD-ED838C3ABF8C}.Debug|x86.Build.0 = Debug|x86
		{8D17F6D9-0992-4C4E-97AD-ED838C3ABF8C}.Release|Mixed Platforms.ActiveCfg = Release|x86
		{8D17F6D9-0992-4C4E-97AD-ED838C3ABF8C}.Release|Mixed Platforms.Build.0 = Release|x86
		{8D17F6D9-0992-4C4E-97AD-ED838C3ABF8C}.Release|Windows Phone.ActiveCfg = Release|x86
		{8D17F6D9-0992-4C4E-97AD-ED838C3ABF8C}.Release|Windows Phone.Build.0 = Release|x86
		{8D17F6D9-0992-4C4E-97AD-ED838C3ABF8C}.Release|x86.ActiveCfg = Release|x86
		{8D17F6D9-0992-4C4E-97AD-ED838C3ABF8C}.Release|x86.Build.0 = Release|x86
		{CA8F6B57-409B-4237-952E-88A79397EA3F}.Debug|Mixed Platforms.ActiveCfg = Debug|x86
		{CA8F6B57-409B-4237-952E-88A79397EA3F}.Debug|Windows Phone.ActiveCfg = Debug|x86
		{CA8F6B57-409B-4237-952E-88A79397EA3F}.Debug|x86.ActiveCfg = Debug|x86
		{CA8F6B57-409B-4237-952E-88A79397EA3F}.Release|Mixed Platforms.ActiveCfg = Release|x86
		{CA8F6B57-409B-4237-952E-88A79397EA3F}.Release|Windows Phone.ActiveCfg = Release|x86
		{CA8F6B57-409B-4237-952E-88A79397EA3F}.Release|x86.ActiveCfg = Release|x86
		{661690F1-2652-40FA-A25F-46C84FD2562F}.Debug|Mixed Platforms.ActiveCfg = Debug|Windows Phone
		{661690F1-2652-40FA-A25F-46C84FD2562F}.Debug|Mixed Platforms.Build.0 = Debug|Windows Phone
		{661690F1-2652-40FA-A25F-46C84FD2562F}.Debug|Mixed Platforms.Deploy.0 = Debug|Windows Phone
		{661690F1-2652-40FA-A25F-46C84FD2562F}.Debug|Windows Phone.ActiveCfg = Debug|Windows Phone
		{661690F1-2652-40FA-A25F-46C84FD2562F}.Debug|Windows Phone.Build.0 = Debug|Windows Phone
		{661690F1-2652-40FA-A25F-46C84FD2562F}.Debug|Windows Phone.Deploy.0 = Debug|Windows Phone
		{661690F1-2652-40FA-A25F-46C84FD2562F}.Debug|x86.ActiveCfg = Debug|Windows Phone
		{661690F1-2652-40FA-A25F-46C84FD2562F}.Debug|x86.Build.0 = Debug|Windows Phone
		{661690F1-2652-40FA-A25F-46C84FD2562F}.Release|Mixed Platforms.ActiveCfg = Release|Windows Phone
		{661690F1-2652-40FA-A25F-46C84FD2562F}.Release|Mixed Platforms.Build.0 = Release|Windows Phone
		{661690F1-2652-40FA-A25F-46C84FD2562F}.Release|Mixed Platforms.Deploy.0 = Release|Windows Phone
		{661690F1-2652-40FA-A25F-46C84FD2562F}.Release|Windows Phone.ActiveCfg = Release|Windows Phone
		{661690F1-2652-40FA-A25F-46C84FD2562F}.Release|Windows Phone.Build.0 = Release|Windows Phone
		{661690F1-2652-40FA-A25F-46C84FD2562F}.Release|Windows Phone.Deploy.0 = Release|Windows Phone
		{661690F1-2652-40FA-A25F-46C84FD2562F}.Release|x86.ActiveCfg = Release|Windows Phone
		{661690F1-2652-40FA-A25F-46C84FD2562F}.Release|x86.Build.0 = Release|Windows Phone
	EndGlobalSection
	GlobalSection(SolutionProperties) = preSolution
		HideSolutionNode = FALSE
	EndGlobalSection
EndGlobal
